{
  "name": "nine-orders-tests",
  "lockfileVersion": 3,
  "requires": true,
  "packages": {
    "": {
      "name": "nine-orders-tests",
      "devDependencies": {
        "gltfpack": "^1.3.0",
        "iwer": "2.5.0",
        "playwright": "1.56.1"
      }
    },
    "node_modules/fsevents": {
      "version": "2.3.2",
      "resolved": "https://registry.npmjs.org/fsevents/-/fsevents-2.3.2.tgz",
      "integrity": "sha512-xiqMQR4xAeHTuB9uWm+fFRcIOgKBMiOBP+eXiyT7jsgVCq1bkVygt00oASowB7EdtpOHaaPgKt812P9ab+DDKA==",
      "dev": true,
      "hasInstallScript": true,
      "license": "MIT",
      "optional": true,
      "os": [
        "darwin"
      ],
      "engines": {
        "node": "^8.16.0 || ^10.6.0 || >=11.0.0"
      }
    },
    "node_modules/gl-matrix": {
      "version": "3.4.4",
      "resolved": "https://registry.npmjs.org/gl-matrix/-/gl-matrix-3.4.4.tgz",
      "integrity": "sha512-latSnyDNt/8zYUB6VIJ6PCh2jBjJX6gnDsoCZ7LyW7GkqrD51EWwa9qCoGixj8YqBtETQK/xY7OmpTF8xz1DdQ==",
      "dev": true,
      "license": "MIT"
    },
    "node_modules/gltfpack": {
      "version": "1.3.0",
      "resolved": "https://registry.npmjs.org/gltfpack/-/gltfpack-1.3.0.tgz",
      "integrity": "sha512-YGt2vPUa3OZuGh4IqbKdorwPyr9PcKKVRHtxOcfrHz3c83EFA6WOJVQMzRej6gPbCWcVnrZ8RDKduxaGclW/xQ==",
      "dev": true,
      "license": "MIT",
      "bin": {
        "gltfpack": "cli.js"
      },
      "engines": {
        "node": ">=18"
      }
    },
    "node_modules/iwer": {
      "version": "2.5.0",
      "resolved": "https://registry.npmjs.org/iwer/-/iwer-2.5.0.tgz",
      "integrity": "sha512-grq7iMyWo4s2DYnATKLPPoAByhcNuwLjMHHOILrFU9q8EGHIEzHyUuq1mz+9Xqy6+xrYPn3Ho8Z9eymZCE+D6w==",
      "dev": true,
      "license": "MIT",
      "dependencies": {
        "gl-matrix": "^3.4.4",
        "webxr-layers-polyfill": "^1.1.0"
      }
    },
    "node_modules/playwright": {
      "version": "1.56.1",
      "resolved": "https://registry.npmjs.org/playwright/-/playwright-1.56.1.tgz",
      "integrity": "sha512-aFi5B0WovBHTEvpM3DzXTUaeN6eN0qWnTkKx4NQaH4Wvcmc153PdaY2UBdSYKaGYw+UyWXSVyxDUg5DoPEttjw==",
      "dev": true,
      "license": "Apache-2.0",
      "dependencies": {
        "playwright-core": "1.56.1"
      },
      "bin": {
        "playwright": "cli.js"
      },
      "engines": {
        "node": ">=18"
      },
      "optionalDependencies": {
        "fsevents": "2.3.2"
      }
    },
    "node_modules/playwright-core": {
      "version": "1.56.1",
      "resolved": "https://registry.npmjs.org/playwright-core/-/playwright-core-1.56.1.tgz",
      "integrity": "sha512-hutraynyn31F+Bifme+Ps9Vq59hKuUCz7H1kDOcBs+2oGguKkWTU50bBWrtz34OUWmIwpBTWDxaRPXrIXkgvmQ==",
      "dev": true,
      "license": "Apache-2.0",
      "bin": {
        "playwright-core": "cli.js"
      },
      "engines": {
        "node": ">=18"
      }
    },
    "node_modules/webxr-layers-polyfill": {
      "version": "1.1.0",
      "resolved": "https://registry.npmjs.org/webxr-layers-polyfill/-/webxr-layers-polyfill-1.1.0.tgz",
      "integrity": "sha512-GqWE6IFlut8a1Lnh9t1RPnOXud1rZ7wLPvWp7mqTDOYtgorXqlNMhEnI9EqjU33grBx0v3jm0Oc13opkAdmgMQ==",
      "dev": true,
      "license": "Apache-2.0",
      "dependencies": {
        "gl-matrix": "^3.4.3"
      }
    }
  }
}
